// !$*UTF8*$!
{
	archiveVersion = 1;
	classes = {
	};
	objectVersion = 77;
	objects = {

/* Begin PBXBuildFile section */
		92D90ED030106EEE00DCD00C /* CountryKit in Frameworks */ = {isa = PBXBuildFile; productRef = 92D90ECF30106EEE00DCD00C /* CountryKit */; };
		92D90ED33010715000DCD00C /* IQKeyboardManagerSwift in Frameworks */ = {isa = PBXBuildFile; productRef = 92D90ED23010715000DCD00C /* IQKeyboardManagerSwift */; };
		92D90ED63010722200DCD00C /* Lottie in Frameworks */ = {isa = PBXBuildFile; productRef = 92D90ED53010722200DCD00C /* Lottie */; };
		92D90ED9301072CF00DCD00C /* CombineMoya in Frameworks */ = {isa = PBXBuildFile; productRef = 92D90ED8301072CF00DCD00C /* CombineMoya */; };
		92D90EDB301072CF00DCD00C /* Moya in Frameworks */ = {isa = PBXBuildFile; productRef = 92D90EDA301072CF00DCD00C /* Moya */; };
		92D90EDD301072CF00DCD00C /* ReactiveMoya in Frameworks */ = {isa = PBXBuildFile; productRef = 92D90EDC301072CF00DCD00C /* ReactiveMoya */; };
		92D90EDF301072CF00DCD00C /* RxMoya in Frameworks */ = {isa = PBXBuildFile; productRef = 92D90EDE301072CF00DCD00C /* RxMoya */; };
		92D90EE23010732600DCD00C /* SDWebImageSwiftUI in Frameworks */ = {isa = PBXBuildFile; productRef = 92D90EE13010732600DCD00C /* SDWebImageSwiftUI */; };
		92D90EEC301074D400DCD00C /* RichText in Frameworks */ = {isa = PBXBuildFile; productRef = 92D90EEB301074D400DCD00C /* RichText */; };
		92D90F00301077CC00DCD00C /* SwiftUIIntrospect in Frameworks */ = {isa = PBXBuildFile; productRef = 92D90EFF301077CC00DCD00C /* SwiftUIIntrospect */; };
		AC05C0DE00000000000000C /* finance-test-iosWidgets.appex in Embed Foundation Extensions */ = {isa = PBXBuildFile; fileRef = AC05C0DE000000000000002 /* finance-test-iosWidgets.appex */; settings = {ATTRIBUTES = (RemoveHeadersOnCopy, ); }; };
		FA0E7F0330106EEE00DCD003 /* netfox in Frameworks */ = {isa = PBXBuildFile; productRef = FA0E7F0230106EEE00DCD002 /* netfox */; };
/* End PBXBuildFile section */

/* Begin PBXContainerItemProxy section */
		920743783010673B00FD2C6E /* PBXContainerItemProxy */ = {
			isa = PBXContainerItemProxy;
			containerPortal = 920743603010673800FD2C6E /* Project object */;
			proxyType = 1;
			remoteGlobalIDString = 920743673010673800FD2C6E;
			remoteInfo = "finance-test-ios";
		};
		920743823010673B00FD2C6E /* PBXContainerItemProxy */ = {
			isa = PBXContainerItemProxy;
			containerPortal = 920743603010673800FD2C6E /* Project object */;
			proxyType = 1;
			remoteGlobalIDString = 920743673010673800FD2C6E;
			remoteInfo = "finance-test-ios";
		};
		AC05C0DE00000000000000E /* PBXContainerItemProxy */ = {
			isa = PBXContainerItemProxy;
			containerPortal = 920743603010673800FD2C6E /* Project object */;
			proxyType = 1;
			remoteGlobalIDString = AC05C0DE000000000000001;
			remoteInfo = "finance-test-iosWidgets";
		};
/* End PBXContainerItemProxy section */

/* Begin PBXCopyFilesBuildPhase section */
		AC05C0DE00000000000000B /* Embed Foundation Extensions */ = {
			isa = PBXCopyFilesBuildPhase;
			buildActionMask = 2147483647;
			dstPath = "";
			dstSubfolderSpec = 13;
			files = (
				AC05C0DE00000000000000C /* finance-test-iosWidgets.appex in Embed Foundation Extensions */,
			);
			name = "Embed Foundation Extensions";
			runOnlyForDeploymentPostprocessing = 0;
		};
/* End PBXCopyFilesBuildPhase section */

/* Begin PBXFileReference section */
		920743683010673800FD2C6E /* finance-test-ios.app */ = {isa = PBXFileReference; explicitFileType = wrapper.application; includeInIndex = 0; path = "finance-test-ios.app"; sourceTree = BUILT_PRODUCTS_DIR; };
		920743773010673B00FD2C6E /* finance-test-iosTests.xctest */ = {isa = PBXFileReference; explicitFileType = wrapper.cfbundle; includeInIndex = 0; path = "finance-test-iosTests.xctest"; sourceTree = BUILT_PRODUCTS_DIR; };
		920743813010673B00FD2C6E /* finance-test-iosUITests.xctest */ = {isa = PBXFileReference; explicitFileType = wrapper.cfbundle; includeInIndex = 0; path = "finance-test-iosUITests.xctest"; sourceTree = BUILT_PRODUCTS_DIR; };
		AC05C0DE000000000000002 /* finance-test-iosWidgets.appex */ = {isa = PBXFileReference; explicitFileType = "wrapper.app-extension"; includeInIndex = 0; path = "finance-test-iosWidgets.appex"; sourceTree = BUILT_PRODUCTS_DIR; };
/* End PBXFileReference section */

/* Begin PBXFileSystemSynchronizedBuildFileExceptionSet section */
		92D90DC830106DAF00DCD00C /* Exceptions for "finance-test-ios" folder in "finance-test-ios" target */ = {
			isa = PBXFileSystemSynchronizedBuildFileExceptionSet;
			membershipExceptions = (
				Info.plist,
			);
			target = 920743673010673800FD2C6E /* finance-test-ios */;
		};
		AC05C0DE00000000000000F /* Exceptions for "finance-test-iosWidgets" folder in "finance-test-iosWidgets" target */ = {
			isa = PBXFileSystemSynchronizedBuildFileExceptionSet;
			membershipExceptions = (
				Info.plist,
			);
			target = AC05C0DE000000000000001 /* finance-test-iosWidgets */;
		};
/* End PBXFileSystemSynchronizedBuildFileExceptionSet section */

/* Begin PBXFileSystemSynchronizedRootGroup section */
		9207436A3010673800FD2C6E /* finance-test-ios */ = {
			isa = PBXFileSystemSynchronizedRootGroup;
			exceptions = (
				92D90DC830106DAF00DCD00C /* Exceptions for "finance-test-ios" folder in "finance-test-ios" target */,
			);
			path = "finance-test-ios";
			sourceTree = "<group>";
		};
		9207437A3010673B00FD2C6E /* finance-test-iosTests */ = {
			isa = PBXFileSystemSynchronizedRootGroup;
			path = "finance-test-iosTests";
			sourceTree = "<group>";
		};
		920743843010673B00FD2C6E /* finance-test-iosUITests */ = {
			isa = PBXFileSystemSynchronizedRootGroup;
			path = "finance-test-iosUITests";
			sourceTree = "<group>";
		};
		AC05C0DE000000000000006 /* finance-test-iosWidgets */ = {
			isa = PBXFileSystemSynchronizedRootGroup;
			exceptions = (
				AC05C0DE00000000000000F /* Exceptions for "finance-test-iosWidgets" folder in "finance-test-iosWidgets" target */,
			);
			path = "finance-test-iosWidgets";
			sourceTree = "<group>";
		};
		AC05C0DE000000000000007 /* finance-test-iosShared */ = {
			isa = PBXFileSystemSynchronizedRootGroup;
			path = "finance-test-iosShared";
			sourceTree = "<group>";
		};
/* End PBXFileSystemSynchronizedRootGroup section */

/* Begin PBXFrameworksBuildPhase section */
		920743653010673800FD2C6E /* Frameworks */ = {
			isa = PBXFrameworksBuildPhase;
			buildActionMask = 2147483647;
			files = (
				92D90ED030106EEE00DCD00C /* CountryKit in Frameworks */,
				92D90ED33010715000DCD00C /* IQKeyboardManagerSwift in Frameworks */,
				92D90ED9301072CF00DCD00C /* CombineMoya in Frameworks */,
				92D90F00301077CC00DCD00C /* SwiftUIIntrospect in Frameworks */,
				92D90EDB301072CF00DCD00C /* Moya in Frameworks */,
				92D90EE23010732600DCD00C /* SDWebImageSwiftUI in Frameworks */,
				92D90EEC301074D400DCD00C /* RichText in Frameworks */,
				92D90EDF301072CF00DCD00C /* RxMoya in Frameworks */,
				92D90ED63010722200DCD00C /* Lottie in Frameworks */,
				92D90EDD301072CF00DCD00C /* ReactiveMoya in Frameworks */,
				FA0E7F0330106EEE00DCD003 /* netfox in Frameworks */,
			);
			runOnlyForDeploymentPostprocessing = 0;
		};
		920743743010673B00FD2C6E /* Frameworks */ = {
			isa = PBXFrameworksBuildPhase;
			buildActionMask = 2147483647;
			files = (
			);
			runOnlyForDeploymentPostprocessing = 0;
		};
		9207437E3010673B00FD2C6E /* Frameworks */ = {
			isa = PBXFrameworksBuildPhase;
			buildActionMask = 2147483647;
			files = (
			);
			runOnlyForDeploymentPostprocessing = 0;
		};
		AC05C0DE000000000000004 /* Frameworks */ = {
			isa = PBXFrameworksBuildPhase;
			buildActionMask = 2147483647;
			files = (
			);
			runOnlyForDeploymentPostprocessing = 0;
		};
/* End PBXFrameworksBuildPhase section */

/* Begin PBXGroup section */
		9207435F3010673800FD2C6E = {
			isa = PBXGroup;
			children = (
				9207436A3010673800FD2C6E /* finance-test-ios */,
				AC05C0DE000000000000007 /* finance-test-iosShared */,
				AC05C0DE000000000000006 /* finance-test-iosWidgets */,
				9207437A3010673B00FD2C6E /* finance-test-iosTests */,
				920743843010673B00FD2C6E /* finance-test-iosUITests */,
				920743693010673800FD2C6E /* Products */,
			);
			sourceTree = "<group>";
		};
		920743693010673800FD2C6E /* Products */ = {
			isa = PBXGroup;
			children = (
				920743683010673800FD2C6E /* finance-test-ios.app */,
				920743773010673B00FD2C6E /* finance-test-iosTests.xctest */,
				920743813010673B00FD2C6E /* finance-test-iosUITests.xctest */,
				AC05C0DE000000000000002 /* finance-test-iosWidgets.appex */,
			);
			name = Products;
			sourceTree = "<group>";
		};
/* End PBXGroup section */

/* Begin PBXNativeTarget section */
		920743673010673800FD2C6E /* finance-test-ios */ = {
			isa = PBXNativeTarget;
			buildConfigurationList = 9207438B3010673B00FD2C6E /* Build configuration list for PBXNativeTarget "finance-test-ios" */;
			buildPhases = (
				920743643010673800FD2C6E /* Sources */,
				920743653010673800FD2C6E /* Frameworks */,
				920743663010673800FD2C6E /* Resources */,
				AC05C0DE00000000000000B /* Embed Foundation Extensions */,
			);
			buildRules = (
			);
			dependencies = (
				AC05C0DE00000000000000D /* PBXTargetDependency */,
			);
			fileSystemSynchronizedGroups = (
				9207436A3010673800FD2C6E /* finance-test-ios */,
				AC05C0DE000000000000007 /* finance-test-iosShared */,
			);
			name = "finance-test-ios";
			packageProductDependencies = (
				92D90ECF30106EEE00DCD00C /* CountryKit */,
				92D90ED23010715000DCD00C /* IQKeyboardManagerSwift */,
				92D90ED53010722200DCD00C /* Lottie */,
				92D90ED8301072CF00DCD00C /* CombineMoya */,
				92D90EDA301072CF00DCD00C /* Moya */,
				92D90EDC301072CF00DCD00C /* ReactiveMoya */,
				92D90EDE301072CF00DCD00C /* RxMoya */,
				92D90EE13010732600DCD00C /* SDWebImageSwiftUI */,
				92D90EEB301074D400DCD00C /* RichText */,
				92D90EFF301077CC00DCD00C /* SwiftUIIntrospect */,
				FA0E7F0230106EEE00DCD002 /* netfox */,
			);
			productName = "finance-test-ios";
			productReference = 920743683010673800FD2C6E /* finance-test-ios.app */;
			productType = "com.apple.product-type.application";
		};
		920743763010673B00FD2C6E /* finance-test-iosTests */ = {
			isa = PBXNativeTarget;
			buildConfigurationList = 9207438E3010673B00FD2C6E /* Build configuration list for PBXNativeTarget "finance-test-iosTests" */;
			buildPhases = (
				920743733010673B00FD2C6E /* Sources */,
				920743743010673B00FD2C6E /* Frameworks */,
				920743753010673B00FD2C6E /* Resources */,
			);
			buildRules = (
			);
			dependencies = (
				920743793010673B00FD2C6E /* PBXTargetDependency */,
			);
			fileSystemSynchronizedGroups = (
				9207437A3010673B00FD2C6E /* finance-test-iosTests */,
			);
			name = "finance-test-iosTests";
			packageProductDependencies = (
			);
			productName = "finance-test-iosTests";
			productReference = 920743773010673B00FD2C6E /* finance-test-iosTests.xctest */;
			productType = "com.apple.product-type.bundle.unit-test";
		};
		920743803010673B00FD2C6E /* finance-test-iosUITests */ = {
			isa = PBXNativeTarget;
			buildConfigurationList = 920743913010673B00FD2C6E /* Build configuration list for PBXNativeTarget "finance-test-iosUITests" */;
			buildPhases = (
				9207437D3010673B00FD2C6E /* Sources */,
				9207437E3010673B00FD2C6E /* Frameworks */,
				9207437F3010673B00FD2C6E /* Resources */,
			);
			buildRules = (
			);
			dependencies = (
				920743833010673B00FD2C6E /* PBXTargetDependency */,
			);
			fileSystemSynchronizedGroups = (
				920743843010673B00FD2C6E /* finance-test-iosUITests */,
			);
			name = "finance-test-iosUITests";
			packageProductDependencies = (
			);
			productName = "finance-test-iosUITests";
			productReference = 920743813010673B00FD2C6E /* finance-test-iosUITests.xctest */;
			productType = "com.apple.product-type.bundle.ui-testing";
		};
		AC05C0DE000000000000001 /* finance-test-iosWidgets */ = {
			isa = PBXNativeTarget;
			buildConfigurationList = AC05C0DE000000000000008 /* Build configuration list for PBXNativeTarget "finance-test-iosWidgets" */;
			buildPhases = (
				AC05C0DE000000000000003 /* Sources */,
				AC05C0DE000000000000004 /* Frameworks */,
				AC05C0DE000000000000005 /* Resources */,
			);
			buildRules = (
			);
			dependencies = (
			);
			fileSystemSynchronizedGroups = (
				AC05C0DE000000000000006 /* finance-test-iosWidgets */,
				AC05C0DE000000000000007 /* finance-test-iosShared */,
			);
			name = "finance-test-iosWidgets";
			packageProductDependencies = (
			);
			productName = "finance-test-iosWidgets";
			productReference = AC05C0DE000000000000002 /* finance-test-iosWidgets.appex */;
			productType = "com.apple.product-type.app-extension";
		};
/* End PBXNativeTarget section */

/* Begin PBXProject section */
		920743603010673800FD2C6E /* Project object */ = {
			isa = PBXProject;
			attributes = {
				BuildIndependentTargetsInParallel = 1;
				LastSwiftUpdateCheck = 2650;
				LastUpgradeCheck = 2650;
				TargetAttributes = {
					920743673010673800FD2C6E = {
						CreatedOnToolsVersion = 26.5;
					};
					920743763010673B00FD2C6E = {
						CreatedOnToolsVersion = 26.5;
						TestTargetID = 920743673010673800FD2C6E;
					};
					920743803010673B00FD2C6E = {
						CreatedOnToolsVersion = 26.5;
						TestTargetID = 920743673010673800FD2C6E;
					};
					AC05C0DE000000000000001 = {
						CreatedOnToolsVersion = 26.5;
					};
				};
			};
			buildConfigurationList = 920743633010673800FD2C6E /* Build configuration list for PBXProject "finance-test-ios" */;
			developmentRegion = en;
			hasScannedForEncodings = 0;
			knownRegions = (
				en,
				Base,
			);
			mainGroup = 9207435F3010673800FD2C6E;
			minimizedProjectReferenceProxies = 1;
			packageReferences = (
				92D90ECE30106EEE00DCD00C /* XCRemoteSwiftPackageReference "CountryKit" */,
				92D90ED13010715000DCD00C /* XCRemoteSwiftPackageReference "IQKeyboardManager" */,
				92D90ED43010722200DCD00C /* XCRemoteSwiftPackageReference "lottie-spm" */,
				92D90ED7301072CF00DCD00C /* XCRemoteSwiftPackageReference "Moya" */,
				92D90EE03010732600DCD00C /* XCRemoteSwiftPackageReference "SDWebImageSwiftUI" */,
				92D90EEA301074D400DCD00C /* XCRemoteSwiftPackageReference "RichText" */,
				92D90EFE301077CC00DCD00C /* XCRemoteSwiftPackageReference "SwiftUI-Introspect" */,
				FA0E7F0130106EEE00DCD001 /* XCRemoteSwiftPackageReference "netfox" */,
			);
			preferredProjectObjectVersion = 77;
			productRefGroup = 920743693010673800FD2C6E /* Products */;
			projectDirPath = "";
			projectRoot = "";
			targets = (
				920743673010673800FD2C6E /* finance-test-ios */,
				920743763010673B00FD2C6E /* finance-test-iosTests */,
				920743803010673B00FD2C6E /* finance-test-iosUITests */,
				AC05C0DE000000000000001 /* finance-test-iosWidgets */,
			);
		};
/* End PBXProject section */

/* Begin PBXResourcesBuildPhase section */
		920743663010673800FD2C6E /* Resources */ = {
			isa = PBXResourcesBuildPhase;
			buildActionMask = 2147483647;
			files = (
			);
			runOnlyForDeploymentPostprocessing = 0;
		};
		920743753010673B00FD2C6E /* Resources */ = {
			isa = PBXResourcesBuildPhase;
			buildActionMask = 2147483647;
			files = (
			);
			runOnlyForDeploymentPostprocessing = 0;
		};
		9207437F3010673B00FD2C6E /* Resources */ = {
			isa = PBXResourcesBuildPhase;
			buildActionMask = 2147483647;
			files = (
			);
			runOnlyForDeploymentPostprocessing = 0;
		};
		AC05C0DE000000000000005 /* Resources */ = {
			isa = PBXResourcesBuildPhase;
			buildActionMask = 2147483647;
			files = (
			);
			runOnlyForDeploymentPostprocessing = 0;
		};
/* End PBXResourcesBuildPhase section */

/* Begin PBXSourcesBuildPhase section */
		920743643010673800FD2C6E /* Sources */ = {
			isa = PBXSourcesBuildPhase;
			buildActionMask = 2147483647;
			files = (
			);
			runOnlyForDeploymentPostprocessing = 0;
		};
		920743733010673B00FD2C6E /* Sources */ = {
			isa = PBXSourcesBuildPhase;
			buildActionMask = 2147483647;
			files = (
			);
			runOnlyForDeploymentPostprocessing = 0;
		};
		9207437D3010673B00FD2C6E /* Sources */ = {
			isa = PBXSourcesBuildPhase;
			buildActionMask = 2147483647;
			files = (
			);
			runOnlyForDeploymentPostprocessing = 0;
		};
		AC05C0DE000000000000003 /* Sources */ = {
			isa = PBXSourcesBuildPhase;
			buildActionMask = 2147483647;
			files = (
			);
			runOnlyForDeploymentPostprocessing = 0;
		};
/* End PBXSourcesBuildPhase section */

/* Begin PBXTargetDependency section */
		920743793010673B00FD2C6E /* PBXTargetDependency */ = {
			isa = PBXTargetDependency;
			target = 920743673010673800FD2C6E /* finance-test-ios */;
			targetProxy = 920743783010673B00FD2C6E /* PBXContainerItemProxy */;
		};
		920743833010673B00FD2C6E /* PBXTargetDependency */ = {
			isa = PBXTargetDependency;
			target = 920743673010673800FD2C6E /* finance-test-ios */;
			targetProxy = 920743823010673B00FD2C6E /* PBXContainerItemProxy */;
		};
		AC05C0DE00000000000000D /* PBXTargetDependency */ = {
			isa = PBXTargetDependency;
			target = AC05C0DE000000000000001 /* finance-test-iosWidgets */;
			targetProxy = AC05C0DE00000000000000E /* PBXContainerItemProxy */;
		};
/* End PBXTargetDependency section */

/* Begin XCBuildConfiguration section */
		920743893010673B00FD2C6E /* Debug */ = {
			isa = XCBuildConfiguration;
			buildSettings = {
				ALWAYS_SEARCH_USER_PATHS = NO;
				ASSETCATALOG_COMPILER_GENERATE_SWIFT_ASSET_SYMBOL_EXTENSIONS = YES;
				CLANG_ANALYZER_NONNULL = YES;
				CLANG_ANALYZER_NUMBER_OBJECT_CONVERSION = YES_AGGRESSIVE;
				CLANG_CXX_LANGUAGE_STANDARD = "gnu++20";
				CLANG_ENABLE_MODULES = YES;
				CLANG_ENABLE_OBJC_ARC = YES;
				CLANG_ENABLE_OBJC_WEAK = YES;
				CLANG_WARN_BLOCK_CAPTURE_AUTORELEASING = YES;
				CLANG_WARN_BOOL_CONVERSION = YES;
				CLANG_WARN_COMMA = YES;
				CLANG_WARN_CONSTANT_CONVERSION = YES;
				CLANG_WARN_DEPRECATED_OBJC_IMPLEMENTATIONS = YES;
				CLANG_WARN_DIRECT_OBJC_ISA_USAGE = YES_ERROR;
				CLANG_WARN_DOCUMENTATION_COMMENTS = YES;
				CLANG_WARN_EMPTY_BODY = YES;
				CLANG_WARN_ENUM_CONVERSION = YES;
				CLANG_WARN_INFINITE_RECURSION = YES;
				CLANG_WARN_INT_CONVERSION = YES;
				CLANG_WARN_NON_LITERAL_NULL_CONVERSION = YES;
				CLANG_WARN_OBJC_IMPLICIT_RETAIN_SELF = YES;
				CLANG_WARN_OBJC_LITERAL_CONVERSION = YES;
				CLANG_WARN_OBJC_ROOT_CLASS = YES_ERROR;
				CLANG_WARN_QUOTED_INCLUDE_IN_FRAMEWORK_HEADER = YES;
				CLANG_WARN_RANGE_LOOP_ANALYSIS = YES;
				CLANG_WARN_STRICT_PROTOTYPES = YES;
				CLANG_WARN_SUSPICIOUS_MOVE = YES;
				CLANG_WARN_UNGUARDED_AVAILABILITY = YES_AGGRESSIVE;
				CLANG_WARN_UNREACHABLE_CODE = YES;
				CLANG_WARN__DUPLICATE_METHOD_MATCH = YES;
				COPY_PHASE_STRIP = NO;
				DEBUG_INFORMATION_FORMAT = dwarf;
				DEVELOPMENT_TEAM = APL5QSXJ32;
				ENABLE_STRICT_OBJC_MSGSEND = YES;
				ENABLE_TESTABILITY = YES;
				ENABLE_USER_SCRIPT_SANDBOXING = YES;
				GCC_C_LANGUAGE_STANDARD = gnu17;
				GCC_DYNAMIC_NO_PIC = NO;
				GCC_NO_COMMON_BLOCKS = YES;
				GCC_OPTIMIZATION_LEVEL = 0;
				GCC_PREPROCESSOR_DEFINITIONS = (
					"DEBUG=1",
					"$(inherited)",
				);
				GCC_WARN_64_TO_32_BIT_CONVERSION = YES;
				GCC_WARN_ABOUT_RETURN_TYPE = YES_ERROR;
				GCC_WARN_UNDECLARED_SELECTOR = YES;
				GCC_WARN_UNINITIALIZED_AUTOS = YES_AGGRESSIVE;
				GCC_WARN_UNUSED_FUNCTION = YES;
				GCC_WARN_UNUSED_VARIABLE = YES;
				IPHONEOS_DEPLOYMENT_TARGET = 26.5;
				LOCALIZATION_PREFERS_STRING_CATALOGS = YES;
				MTL_ENABLE_DEBUG_INFO = INCLUDE_SOURCE;
				MTL_FAST_MATH = YES;
				ONLY_ACTIVE_ARCH = YES;
				SDKROOT = iphoneos;
				SWIFT_ACTIVE_COMPILATION_CONDITIONS = "DEBUG $(inherited)";
				SWIFT_OPTIMIZATION_LEVEL = "-Onone";
			};
			name = Debug;
		};
		9207438A3010673B00FD2C6E /* Release */ = {
			isa = XCBuildConfiguration;
			buildSettings = {
				ALWAYS_SEARCH_USER_PATHS = NO;
				ASSETCATALOG_COMPILER_GENERATE_SWIFT_ASSET_SYMBOL_EXTENSIONS = YES;
				CLANG_ANALYZER_NONNULL = YES;
				CLANG_ANALYZER_NUMBER_OBJECT_CONVERSION = YES_AGGRESSIVE;
				CLANG_CXX_LANGUAGE_STANDARD = "gnu++20";
				CLANG_ENABLE_MODULES = YES;
				CLANG_ENABLE_OBJC_ARC = YES;
				CLANG_ENABLE_OBJC_WEAK = YES;
				CLANG_WARN_BLOCK_CAPTURE_AUTORELEASING = YES;
				CLANG_WARN_BOOL_CONVERSION = YES;
				CLANG_WARN_COMMA = YES;
				CLANG_WARN_CONSTANT_CONVERSION = YES;
				CLANG_WARN_DEPRECATED_OBJC_IMPLEMENTATIONS = YES;
				CLANG_WARN_DIRECT_OBJC_ISA_USAGE = YES_ERROR;
				CLANG_WARN_DOCUMENTATION_COMMENTS = YES;
				CLANG_WARN_EMPTY_BODY = YES;
				CLANG_WARN_ENUM_CONVERSION = YES;
				CLANG_WARN_INFINITE_RECURSION = YES;
				CLANG_WARN_INT_CONVERSION = YES;
				CLANG_WARN_NON_LITERAL_NULL_CONVERSION = YES;
				CLANG_WARN_OBJC_IMPLICIT_RETAIN_SELF = YES;
				CLANG_WARN_OBJC_LITERAL_CONVERSION = YES;
				CLANG_WARN_OBJC_ROOT_CLASS = YES_ERROR;
				CLANG_WARN_QUOTED_INCLUDE_IN_FRAMEWORK_HEADER = YES;
				CLANG_WARN_RANGE_LOOP_ANALYSIS = YES;
				CLANG_WARN_STRICT_PROTOTYPES = YES;
				CLANG_WARN_SUSPICIOUS_MOVE = YES;
				CLANG_WARN_UNGUARDED_AVAILABILITY = YES_AGGRESSIVE;
				CLANG_WARN_UNREACHABLE_CODE = YES;
				CLANG_WARN__DUPLICATE_METHOD_MATCH = YES;
				COPY_PHASE_STRIP = NO;
				DEBUG_INFORMATION_FORMAT = "dwarf-with-dsym";
				DEVELOPMENT_TEAM = APL5QSXJ32;
				ENABLE_NS_ASSERTIONS = NO;
				ENABLE_STRICT_OBJC_MSGSEND = YES;
				ENABLE_USER_SCRIPT_SANDBOXING = YES;
				GCC_C_LANGUAGE_STANDARD = gnu17;
				GCC_NO_COMMON_BLOCKS = YES;
				GCC_WARN_64_TO_32_BIT_CONVERSION = YES;
				GCC_WARN_ABOUT_RETURN_TYPE = YES_ERROR;
				GCC_WARN_UNDECLARED_SELECTOR = YES;
				GCC_WARN_UNINITIALIZED_AUTOS = YES_AGGRESSIVE;
				GCC_WARN_UNUSED_FUNCTION = YES;
				GCC_WARN_UNUSED_VARIABLE = YES;
				IPHONEOS_DEPLOYMENT_TARGET = 26.5;
				LOCALIZATION_PREFERS_STRING_CATALOGS = YES;
				MTL_ENABLE_DEBUG_INFO = NO;
				MTL_FAST_MATH = YES;
				SDKROOT = iphoneos;
				SWIFT_COMPILATION_MODE = wholemodule;
				VALIDATE_PRODUCT = YES;
			};
			name = Release;
		};
		9207438C3010673B00FD2C6E /* Debug */ = {
			isa = XCBuildConfiguration;
			buildSettings = {
				ASSETCATALOG_COMPILER_APPICON_NAME = AppIcon;
				ASSETCATALOG_COMPILER_GLOBAL_ACCENT_COLOR_NAME = AccentColor;
				CODE_SIGN_STYLE = Automatic;
				CURRENT_PROJECT_VERSION = 1;
				DEVELOPMENT_TEAM = APL5QSXJ32;
				ENABLE_PREVIEWS = YES;
				GENERATE_INFOPLIST_FILE = YES;
				INFOPLIST_FILE = "finance-test-ios/Info.plist";
				INFOPLIST_KEY_UIApplicationSceneManifest_Generation = YES;
				INFOPLIST_KEY_UIApplicationSupportsIndirectInputEvents = YES;
				INFOPLIST_KEY_UILaunchScreen_BackgroundColorName = SplashSurface;
				INFOPLIST_KEY_UILaunchScreen_Generation = YES;
				INFOPLIST_KEY_UISupportedInterfaceOrientations_iPad = "UIInterfaceOrientationPortrait UIInterfaceOrientationPortraitUpsideDown UIInterfaceOrientationLandscapeLeft UIInterfaceOrientationLandscapeRight";
				INFOPLIST_KEY_UISupportedInterfaceOrientations_iPhone = "UIInterfaceOrientationPortrait UIInterfaceOrientationLandscapeLeft UIInterfaceOrientationLandscapeRight";
				IPHONEOS_DEPLOYMENT_TARGET = 26.0;
				LD_RUNPATH_SEARCH_PATHS = (
					"$(inherited)",
					"@executable_path/Frameworks",
				);
				MARKETING_VERSION = 1.0;
				PRODUCT_BUNDLE_IDENTIFIER = "com.indie.finance-test-ios";
				PRODUCT_NAME = "$(TARGET_NAME)";
				STRING_CATALOG_GENERATE_SYMBOLS = YES;
				SWIFT_APPROACHABLE_CONCURRENCY = YES;
				SWIFT_DEFAULT_ACTOR_ISOLATION = MainActor;
				SWIFT_EMIT_LOC_STRINGS = YES;
				SWIFT_UPCOMING_FEATURE_MEMBER_IMPORT_VISIBILITY = YES;
				SWIFT_VERSION = 5.0;
				TARGETED_DEVICE_FAMILY = "1,2";
			};
			name = Debug;
		};
		9207438D3010673B00FD2C6E /* Release */ = {
			isa = XCBuildConfiguration;
			buildSettings = {
				ASSETCATALOG_COMPILER_APPICON_NAME = AppIcon;
				ASSETCATALOG_COMPILER_GLOBAL_ACCENT_COLOR_NAME = AccentColor;
				CODE_SIGN_STYLE = Automatic;
				CURRENT_PROJECT_VERSION = 1;
				DEVELOPMENT_TEAM = APL5QSXJ32;
				ENABLE_PREVIEWS = YES;
				GENERATE_INFOPLIST_FILE = YES;
				INFOPLIST_FILE = "finance-test-ios/Info.plist";
				INFOPLIST_KEY_UIApplicationSceneManifest_Generation = YES;
				INFOPLIST_KEY_UIApplicationSupportsIndirectInputEvents = YES;
				INFOPLIST_KEY_UILaunchScreen_BackgroundColorName = SplashSurface;
				INFOPLIST_KEY_UILaunchScreen_Generation = YES;
				INFOPLIST_KEY_UISupportedInterfaceOrientations_iPad = "UIInterfaceOrientationPortrait UIInterfaceOrientationPortraitUpsideDown UIInterfaceOrientationLandscapeLeft UIInterfaceOrientationLandscapeRight";
				INFOPLIST_KEY_UISupportedInterfaceOrientations_iPhone = "UIInterfaceOrientationPortrait UIInterfaceOrientationLandscapeLeft UIInterfaceOrientationLandscapeRight";
				IPHONEOS_DEPLOYMENT_TARGET = 26.0;
				LD_RUNPATH_SEARCH_PATHS = (
					"$(inherited)",
					"@executable_path/Frameworks",
				);
				MARKETING_VERSION = 1.0;
				PRODUCT_BUNDLE_IDENTIFIER = "com.indie.finance-test-ios";
				PRODUCT_NAME = "$(TARGET_NAME)";
				STRING_CATALOG_GENERATE_SYMBOLS = YES;
				SWIFT_APPROACHABLE_CONCURRENCY = YES;
				SWIFT_DEFAULT_ACTOR_ISOLATION = MainActor;
				SWIFT_EMIT_LOC_STRINGS = YES;
				SWIFT_UPCOMING_FEATURE_MEMBER_IMPORT_VISIBILITY = YES;
				SWIFT_VERSION = 5.0;
				TARGETED_DEVICE_FAMILY = "1,2";
			};
			name = Release;
		};
		9207438F3010673B00FD2C6E /* Debug */ = {
			isa = XCBuildConfiguration;
			buildSettings = {
				BUNDLE_LOADER = "$(TEST_HOST)";
				CODE_SIGN_STYLE = Automatic;
				CURRENT_PROJECT_VERSION = 1;
				DEVELOPMENT_TEAM = APL5QSXJ32;
				GENERATE_INFOPLIST_FILE = YES;
				IPHONEOS_DEPLOYMENT_TARGET = 26.5;
				MARKETING_VERSION = 1.0;
				PRODUCT_BUNDLE_IDENTIFIER = "com.indie.finance-test-iosTests";
				PRODUCT_NAME = "$(TARGET_NAME)";
				STRING_CATALOG_GENERATE_SYMBOLS = NO;
				SWIFT_APPROACHABLE_CONCURRENCY = YES;
				SWIFT_EMIT_LOC_STRINGS = NO;
				SWIFT_UPCOMING_FEATURE_MEMBER_IMPORT_VISIBILITY = YES;
				SWIFT_VERSION = 5.0;
				TARGETED_DEVICE_FAMILY = "1,2";
				TEST_HOST = "$(BUILT_PRODUCTS_DIR)/finance-test-ios.app/$(BUNDLE_EXECUTABLE_FOLDER_PATH)/finance-test-ios";
			};
			name = Debug;
		};
		920743903010673B00FD2C6E /* Release */ = {
			isa = XCBuildConfiguration;
			buildSettings = {
				BUNDLE_LOADER = "$(TEST_HOST)";
				CODE_SIGN_STYLE = Automatic;
				CURRENT_PROJECT_VERSION = 1;
				DEVELOPMENT_TEAM = APL5QSXJ32;
				GENERATE_INFOPLIST_FILE = YES;
				IPHONEOS_DEPLOYMENT_TARGET = 26.5;
				MARKETING_VERSION = 1.0;
				PRODUCT_BUNDLE_IDENTIFIER = "com.indie.finance-test-iosTests";
				PRODUCT_NAME = "$(TARGET_NAME)";
				STRING_CATALOG_GENERATE_SYMBOLS = NO;
				SWIFT_APPROACHABLE_CONCURRENCY = YES;
				SWIFT_EMIT_LOC_STRINGS = NO;
				SWIFT_UPCOMING_FEATURE_MEMBER_IMPORT_VISIBILITY = YES;
				SWIFT_VERSION = 5.0;
				TARGETED_DEVICE_FAMILY = "1,2";
				TEST_HOST = "$(BUILT_PRODUCTS_DIR)/finance-test-ios.app/$(BUNDLE_EXECUTABLE_FOLDER_PATH)/finance-test-ios";
			};
			name = Release;
		};
		920743923010673B00FD2C6E /* Debug */ = {
			isa = XCBuildConfiguration;
			buildSettings = {
				CODE_SIGN_STYLE = Automatic;
				CURRENT_PROJECT_VERSION = 1;
				DEVELOPMENT_TEAM = APL5QSXJ32;
				GENERATE_INFOPLIST_FILE = YES;
				MARKETING_VERSION = 1.0;
				PRODUCT_BUNDLE_IDENTIFIER = "com.indie.finance-test-iosUITests";
				PRODUCT_NAME = "$(TARGET_NAME)";
				STRING_CATALOG_GENERATE_SYMBOLS = NO;
				SWIFT_APPROACHABLE_CONCURRENCY = YES;
				SWIFT_EMIT_LOC_STRINGS = NO;
				SWIFT_UPCOMING_FEATURE_MEMBER_IMPORT_VISIBILITY = YES;
				SWIFT_VERSION = 5.0;
				TARGETED_DEVICE_FAMILY = "1,2";
				TEST_TARGET_NAME = "finance-test-ios";
			};
			name = Debug;
		};
		920743933010673B00FD2C6E /* Release */ = {
			isa = XCBuildConfiguration;
			buildSettings = {
				CODE_SIGN_STYLE = Automatic;
				CURRENT_PROJECT_VERSION = 1;
				DEVELOPMENT_TEAM = APL5QSXJ32;
				GENERATE_INFOPLIST_FILE = YES;
				MARKETING_VERSION = 1.0;
				PRODUCT_BUNDLE_IDENTIFIER = "com.indie.finance-test-iosUITests";
				PRODUCT_NAME = "$(TARGET_NAME)";
				STRING_CATALOG_GENERATE_SYMBOLS = NO;
				SWIFT_APPROACHABLE_CONCURRENCY = YES;
				SWIFT_EMIT_LOC_STRINGS = NO;
				SWIFT_UPCOMING_FEATURE_MEMBER_IMPORT_VISIBILITY = YES;
				SWIFT_VERSION = 5.0;
				TARGETED_DEVICE_FAMILY = "1,2";
				TEST_TARGET_NAME = "finance-test-ios";
			};
			name = Release;
		};
		AC05C0DE000000000000009 /* Debug */ = {
			isa = XCBuildConfiguration;
			buildSettings = {
				CODE_SIGN_STYLE = Automatic;
				CURRENT_PROJECT_VERSION = 1;
				DEVELOPMENT_TEAM = APL5QSXJ32;
				ENABLE_PREVIEWS = YES;
				GENERATE_INFOPLIST_FILE = YES;
				INFOPLIST_FILE = "finance-test-iosWidgets/Info.plist";
				INFOPLIST_KEY_CFBundleDisplayName = "SpendWise Widgets";
				IPHONEOS_DEPLOYMENT_TARGET = 26.0;
				LD_RUNPATH_SEARCH_PATHS = (
					"$(inherited)",
					"@executable_path/Frameworks",
					"@executable_path/../../Frameworks",
				);
				MARKETING_VERSION = 1.0;
				PRODUCT_BUNDLE_IDENTIFIER = "com.indie.finance-test-ios.Widgets";
				PRODUCT_NAME = "$(TARGET_NAME)";
				SKIP_INSTALL = YES;
				STRING_CATALOG_GENERATE_SYMBOLS = YES;
				SWIFT_APPROACHABLE_CONCURRENCY = YES;
				SWIFT_DEFAULT_ACTOR_ISOLATION = MainActor;
				SWIFT_EMIT_LOC_STRINGS = YES;
				SWIFT_UPCOMING_FEATURE_MEMBER_IMPORT_VISIBILITY = YES;
				SWIFT_VERSION = 5.0;
				TARGETED_DEVICE_FAMILY = "1,2";
			};
			name = Debug;
		};
		AC05C0DE00000000000000A /* Release */ = {
			isa = XCBuildConfiguration;
			buildSettings = {
				CODE_SIGN_STYLE = Automatic;
				CURRENT_PROJECT_VERSION = 1;
				DEVELOPMENT_TEAM = APL5QSXJ32;
				ENABLE_PREVIEWS = YES;
				GENERATE_INFOPLIST_FILE = YES;
				INFOPLIST_FILE = "finance-test-iosWidgets/Info.plist";
				INFOPLIST_KEY_CFBundleDisplayName = "SpendWise Widgets";
				IPHONEOS_DEPLOYMENT_TARGET = 26.0;
				LD_RUNPATH_SEARCH_PATHS = (
					"$(inherited)",
					"@executable_path/Frameworks",
					"@executable_path/../../Frameworks",
				);
				MARKETING_VERSION = 1.0;
				PRODUCT_BUNDLE_IDENTIFIER = "com.indie.finance-test-ios.Widgets";
				PRODUCT_NAME = "$(TARGET_NAME)";
				SKIP_INSTALL = YES;
				STRING_CATALOG_GENERATE_SYMBOLS = YES;
				SWIFT_APPROACHABLE_CONCURRENCY = YES;
				SWIFT_DEFAULT_ACTOR_ISOLATION = MainActor;
				SWIFT_EMIT_LOC_STRINGS = YES;
				SWIFT_UPCOMING_FEATURE_MEMBER_IMPORT_VISIBILITY = YES;
				SWIFT_VERSION = 5.0;
				TARGETED_DEVICE_FAMILY = "1,2";
			};
			name = Release;
		};
/* End XCBuildConfiguration section */

/* Begin XCConfigurationList section */
		920743633010673800FD2C6E /* Build configuration list for PBXProject "finance-test-ios" */ = {
			isa = XCConfigurationList;
			buildConfigurations = (
				920743893010673B00FD2C6E /* Debug */,
				9207438A3010673B00FD2C6E /* Release */,
			);
			defaultConfigurationIsVisible = 0;
			defaultConfigurationName = Release;
		};
		9207438B3010673B00FD2C6E /* Build configuration list for PBXNativeTarget "finance-test-ios" */ = {
			isa = XCConfigurationList;
			buildConfigurations = (
				9207438C3010673B00FD2C6E /* Debug */,
				9207438D3010673B00FD2C6E /* Release */,
			);
			defaultConfigurationIsVisible = 0;
			defaultConfigurationName = Release;
		};
		9207438E3010673B00FD2C6E /* Build configuration list for PBXNativeTarget "finance-test-iosTests" */ = {
			isa = XCConfigurationList;
			buildConfigurations = (
				9207438F3010673B00FD2C6E /* Debug */,
				920743903010673B00FD2C6E /* Release */,
			);
			defaultConfigurationIsVisible = 0;
			defaultConfigurationName = Release;
		};
		920743913010673B00FD2C6E /* Build configuration list for PBXNativeTarget "finance-test-iosUITests" */ = {
			isa = XCConfigurationList;
			buildConfigurations = (
				920743923010673B00FD2C6E /* Debug */,
				920743933010673B00FD2C6E /* Release */,
			);
			defaultConfigurationIsVisible = 0;
			defaultConfigurationName = Release;
		};
		AC05C0DE000000000000008 /* Build configuration list for PBXNativeTarget "finance-test-iosWidgets" */ = {
			isa = XCConfigurationList;
			buildConfigurations = (
				AC05C0DE000000000000009 /* Debug */,
				AC05C0DE00000000000000A /* Release */,
			);
			defaultConfigurationIsVisible = 0;
			defaultConfigurationName = Release;
		};
/* End XCConfigurationList section */

/* Begin XCRemoteSwiftPackageReference section */
		92D90ECE30106EEE00DCD00C /* XCRemoteSwiftPackageReference "CountryKit" */ = {
			isa = XCRemoteSwiftPackageReference;
			repositoryURL = "https://github.com/alemar11/CountryKit.git";
			requirement = {
				kind = upToNextMajorVersion;
				minimumVersion = 2.0.2;
			};
		};
		92D90ED13010715000DCD00C /* XCRemoteSwiftPackageReference "IQKeyboardManager" */ = {
			isa = XCRemoteSwiftPackageReference;
			repositoryURL = "https://github.com/hackiftekhar/IQKeyboardManager.git";
			requirement = {
				kind = upToNextMajorVersion;
				minimumVersion = 8.0.3;
			};
		};
		92D90ED43010722200DCD00C /* XCRemoteSwiftPackageReference "lottie-spm" */ = {
			isa = XCRemoteSwiftPackageReference;
			repositoryURL = "https://github.com/airbnb/lottie-spm.git";
			requirement = {
				kind = upToNextMajorVersion;
				minimumVersion = 4.6.1;
			};
		};
		92D90ED7301072CF00DCD00C /* XCRemoteSwiftPackageReference "Moya" */ = {
			isa = XCRemoteSwiftPackageReference;
			repositoryURL = "https://github.com/Moya/Moya.git";
			requirement = {
				kind = upToNextMajorVersion;
				minimumVersion = 15.0.3;
			};
		};
		92D90EE03010732600DCD00C /* XCRemoteSwiftPackageReference "SDWebImageSwiftUI" */ = {
			isa = XCRemoteSwiftPackageReference;
			repositoryURL = "https://github.com/SDWebImage/SDWebImageSwiftUI.git";
			requirement = {
				kind = upToNextMajorVersion;
				minimumVersion = 3.1.4;
			};
		};
		92D90EEA301074D400DCD00C /* XCRemoteSwiftPackageReference "RichText" */ = {
			isa = XCRemoteSwiftPackageReference;
			repositoryURL = "https://github.com/NuPlay/RichText.git";
			requirement = {
				kind = upToNextMajorVersion;
				minimumVersion = 3.0.2;
			};
		};
		92D90EFE301077CC00DCD00C /* XCRemoteSwiftPackageReference "SwiftUI-Introspect" */ = {
			isa = XCRemoteSwiftPackageReference;
			repositoryURL = "https://github.com/timbersoftware/SwiftUI-Introspect.git";
			requirement = {
				kind = upToNextMajorVersion;
				minimumVersion = 26.0.1;
			};
		};
		FA0E7F0130106EEE00DCD001 /* XCRemoteSwiftPackageReference "netfox" */ = {
			isa = XCRemoteSwiftPackageReference;
			repositoryURL = "https://github.com/kasketis/netfox.git";
			requirement = {
				kind = upToNextMajorVersion;
				minimumVersion = 1.21.0;
			};
		};
/* End XCRemoteSwiftPackageReference section */

/* Begin XCSwiftPackageProductDependency section */
		92D90ECF30106EEE00DCD00C /* CountryKit */ = {
			isa = XCSwiftPackageProductDependency;
			package = 92D90ECE30106EEE00DCD00C /* XCRemoteSwiftPackageReference "CountryKit" */;
			productName = CountryKit;
		};
		92D90ED23010715000DCD00C /* IQKeyboardManagerSwift */ = {
			isa = XCSwiftPackageProductDependency;
			package = 92D90ED13010715000DCD00C /* XCRemoteSwiftPackageReference "IQKeyboardManager" */;
			productName = IQKeyboardManagerSwift;
		};
		92D90ED53010722200DCD00C /* Lottie */ = {
			isa = XCSwiftPackageProductDependency;
			package = 92D90ED43010722200DCD00C /* XCRemoteSwiftPackageReference "lottie-spm" */;
			productName = Lottie;
		};
		92D90ED8301072CF00DCD00C /* CombineMoya */ = {
			isa = XCSwiftPackageProductDependency;
			package = 92D90ED7301072CF00DCD00C /* XCRemoteSwiftPackageReference "Moya" */;
			productName = CombineMoya;
		};
		92D90EDA301072CF00DCD00C /* Moya */ = {
			isa = XCSwiftPackageProductDependency;
			package = 92D90ED7301072CF00DCD00C /* XCRemoteSwiftPackageReference "Moya" */;
			productName = Moya;
		};
		92D90EDC301072CF00DCD00C /* ReactiveMoya */ = {
			isa = XCSwiftPackageProductDependency;
			package = 92D90ED7301072CF00DCD00C /* XCRemoteSwiftPackageReference "Moya" */;
			productName = ReactiveMoya;
		};
		92D90EDE301072CF00DCD00C /* RxMoya */ = {
			isa = XCSwiftPackageProductDependency;
			package = 92D90ED7301072CF00DCD00C /* XCRemoteSwiftPackageReference "Moya" */;
			productName = RxMoya;
		};
		92D90EE13010732600DCD00C /* SDWebImageSwiftUI */ = {
			isa = XCSwiftPackageProductDependency;
			package = 92D90EE03010732600DCD00C /* XCRemoteSwiftPackageReference "SDWebImageSwiftUI" */;
			productName = SDWebImageSwiftUI;
		};
		92D90EEB301074D400DCD00C /* RichText */ = {
			isa = XCSwiftPackageProductDependency;
			package = 92D90EEA301074D400DCD00C /* XCRemoteSwiftPackageReference "RichText" */;
			productName = RichText;
		};
		92D90EFF301077CC00DCD00C /* SwiftUIIntrospect */ = {
			isa = XCSwiftPackageProductDependency;
			package = 92D90EFE301077CC00DCD00C /* XCRemoteSwiftPackageReference "SwiftUI-Introspect" */;
			productName = SwiftUIIntrospect;
		};
		FA0E7F0230106EEE00DCD002 /* netfox */ = {
			isa = XCSwiftPackageProductDependency;
			package = FA0E7F0130106EEE00DCD001 /* XCRemoteSwiftPackageReference "netfox" */;
			productName = netfox;
		};
/* End XCSwiftPackageProductDependency section */
	};
	rootObject = 920743603010673800FD2C6E /* Project object */;
}
